// !$*UTF8*$!
{
	archiveVersion = 1;
	classes = {
	};
	objectVersion = 46;
	objects = {

/* Begin PBXBuildFile section */
		78E26AB11F29FEC2007A96F6 /* Main.storyboard in Resources */ = {isa = PBXBuildFile; fileRef = 78E26AB01F29FEC2007A96F6 /* Main.storyboard */; };
		78E26AB61F2A2540007A96F6 /* Announcement.storyboard in Resources */ = {isa = PBXBuildFile; fileRef = 78E26AB51F2A2540007A96F6 /* Announcement.storyboard */; };
		84F9275F1F25D37400B76D79 /* main.m in Sources */ = {isa = PBXBuildFile; fileRef = 84F9275E1F25D37400B76D79 /* main.m */; };
		84F927781F25D37400B76D79 /* MonitoreTests.m in Sources */ = {isa = PBXBuildFile; fileRef = 84F927771F25D37400B76D79 /* MonitoreTests.m */; };
		84F927831F25D37400B76D79 /* MonitoreUITests.m in Sources */ = {isa = PBXBuildFile; fileRef = 84F927821F25D37400B76D79 /* MonitoreUITests.m */; };
		84F927B51F25D61100B76D79 /* AppDelegate.m in Sources */ = {isa = PBXBuildFile; fileRef = 84F927B01F25D61100B76D79 /* AppDelegate.m */; };
		84F927BD1F25D72200B76D79 /* BaseViewController.m in Sources */ = {isa = PBXBuildFile; fileRef = 84F927BC1F25D72200B76D79 /* BaseViewController.m */; };
		84F927C31F25DA3F00B76D79 /* MNavigationItem.m in Sources */ = {isa = PBXBuildFile; fileRef = 84F927C21F25DA3F00B76D79 /* MNavigationItem.m */; };
		84F927C51F25DA6000B76D79 /* MNavigationItem.xib in Resources */ = {isa = PBXBuildFile; fileRef = 84F927C41F25DA6000B76D79 /* MNavigationItem.xib */; };
		84F927C81F25DD8100B76D79 /* UIView+LjAdd.m in Sources */ = {isa = PBXBuildFile; fileRef = 84F927C71F25DD8100B76D79 /* UIView+LjAdd.m */; };
		84F927CE1F25E8D400B76D79 /* MNavigationController.m in Sources */ = {isa = PBXBuildFile; fileRef = 84F927CD1F25E8D400B76D79 /* MNavigationController.m */; };
		84F927DD1F27478800B76D79 /* NSArray+LjAdd.m in Sources */ = {isa = PBXBuildFile; fileRef = 84F927DC1F27478800B76D79 /* NSArray+LjAdd.m */; };
		84F928481F2898FF00B76D79 /* CustomeLabel.m in Sources */ = {isa = PBXBuildFile; fileRef = 84F928471F2898FF00B76D79 /* CustomeLabel.m */; };
		84F9290C1F29652B00B76D79 /* HomeViewController.m in Sources */ = {isa = PBXBuildFile; fileRef = 84F928C91F29652B00B76D79 /* HomeViewController.m */; };
		84F9290D1F29652B00B76D79 /* HomeCollectionViewCell.m in Sources */ = {isa = PBXBuildFile; fileRef = 84F928CD1F29652B00B76D79 /* HomeCollectionViewCell.m */; };
		84F9290E1F29652B00B76D79 /* HomeCollectionViewCell.xib in Resources */ = {isa = PBXBuildFile; fileRef = 84F928CE1F29652B00B76D79 /* HomeCollectionViewCell.xib */; };
		84F9290F1F29652B00B76D79 /* HomeHeaderView.m in Sources */ = {isa = PBXBuildFile; fileRef = 84F928D01F29652B00B76D79 /* HomeHeaderView.m */; };
		84F929101F29652B00B76D79 /* HomeHeaderView.xib in Resources */ = {isa = PBXBuildFile; fileRef = 84F928D11F29652B00B76D79 /* HomeHeaderView.xib */; };
		84F929111F29652B00B76D79 /* InfoViewController.m in Sources */ = {isa = PBXBuildFile; fileRef = 84F928D51F29652B00B76D79 /* InfoViewController.m */; };
		84F929121F29652B00B76D79 /* InfoTableViewCell.m in Sources */ = {isa = PBXBuildFile; fileRef = 84F928D91F29652B00B76D79 /* InfoTableViewCell.m */; };
		84F929131F29652B00B76D79 /* InfoTableViewCell.xib in Resources */ = {isa = PBXBuildFile; fileRef = 84F928DA1F29652B00B76D79 /* InfoTableViewCell.xib */; };
		84F929141F29652B00B76D79 /* PatrolViewController.m in Sources */ = {isa = PBXBuildFile; fileRef = 84F928DE1F29652B00B76D79 /* PatrolViewController.m */; };
		84F929151F29652B00B76D79 /* PatrolTableHeaderView.m in Sources */ = {isa = PBXBuildFile; fileRef = 84F928E21F29652B00B76D79 /* PatrolTableHeaderView.m */; };
		84F929161F29652B00B76D79 /* PatrolTableHeaderView.xib in Resources */ = {isa = PBXBuildFile; fileRef = 84F928E31F29652B00B76D79 /* PatrolTableHeaderView.xib */; };
		84F929171F29652B00B76D79 /* PatrolTableViewCell.m in Sources */ = {isa = PBXBuildFile; fileRef = 84F928E51F29652B00B76D79 /* PatrolTableViewCell.m */; };
		84F929181F29652B00B76D79 /* PatrolTableViewCell.xib in Resources */ = {isa = PBXBuildFile; fileRef = 84F928E61F29652B00B76D79 /* PatrolTableViewCell.xib */; };
		84F929191F29652B00B76D79 /* PatrolHistoryViewController.m in Sources */ = {isa = PBXBuildFile; fileRef = 84F928EA1F29652B00B76D79 /* PatrolHistoryViewController.m */; };
		84F9291A1F29652B00B76D79 /* PersonalCenterVc.m in Sources */ = {isa = PBXBuildFile; fileRef = 84F928EC1F29652B00B76D79 /* PersonalCenterVc.m */; };
		84F9291B1F29652B00B76D79 /* PersonalDataViewController.m in Sources */ = {isa = PBXBuildFile; fileRef = 84F928EE1F29652B00B76D79 /* PersonalDataViewController.m */; };
		84F9291C1F29652B00B76D79 /* PersonalCenterTableViewCell.m in Sources */ = {isa = PBXBuildFile; fileRef = 84F928F21F29652B00B76D79 /* PersonalCenterTableViewCell.m */; };
		84F9291D1F29652B00B76D79 /* PersonalCenterTableViewCell.xib in Resources */ = {isa = PBXBuildFile; fileRef = 84F928F31F29652B00B76D79 /* PersonalCenterTableViewCell.xib */; };
		84F9291E1F29652B00B76D79 /* PersonalDataFooterView.m in Sources */ = {isa = PBXBuildFile; fileRef = 84F928F51F29652B00B76D79 /* PersonalDataFooterView.m */; };
		84F9291F1F29652B00B76D79 /* PersonalDataFooterView.xib in Resources */ = {isa = PBXBuildFile; fileRef = 84F928F61F29652B00B76D79 /* PersonalDataFooterView.xib */; };
		84F929201F29652B00B76D79 /* PersonalDataHeaderView.m in Sources */ = {isa = PBXBuildFile; fileRef = 84F928F81F29652B00B76D79 /* PersonalDataHeaderView.m */; };
		84F929211F29652B00B76D79 /* PersonalDataHeaderView.xib in Resources */ = {isa = PBXBuildFile; fileRef = 84F928F91F29652B00B76D79 /* PersonalDataHeaderView.xib */; };
		84F929221F29652B00B76D79 /* PersonalDataTableViewCell.m in Sources */ = {isa = PBXBuildFile; fileRef = 84F928FB1F29652B00B76D79 /* PersonalDataTableViewCell.m */; };
		84F929231F29652B00B76D79 /* PersonalDataTableViewCell.xib in Resources */ = {isa = PBXBuildFile; fileRef = 84F928FC1F29652B00B76D79 /* PersonalDataTableViewCell.xib */; };
		84F929241F29652B00B76D79 /* PersonalPhotoTableViewCell.m in Sources */ = {isa = PBXBuildFile; fileRef = 84F928FE1F29652B00B76D79 /* PersonalPhotoTableViewCell.m */; };
		84F929251F29652B00B76D79 /* PersonalPhotoTableViewCell.xib in Resources */ = {isa = PBXBuildFile; fileRef = 84F928FF1F29652B00B76D79 /* PersonalPhotoTableViewCell.xib */; };
		84F929301F2968AE00B76D79 /* Assets.xcassets in Resources */ = {isa = PBXBuildFile; fileRef = 84F9292D1F2968AE00B76D79 /* Assets.xcassets */; };
		84F929311F2968AE00B76D79 /* Info.plist in Resources */ = {isa = PBXBuildFile; fileRef = 84F9292E1F2968AE00B76D79 /* Info.plist */; };
		84F929321F2968AE00B76D79 /* LaunchScreen.storyboard in Resources */ = {isa = PBXBuildFile; fileRef = 84F9292F1F2968AE00B76D79 /* LaunchScreen.storyboard */; };
		84F929351F2971F500B76D79 /* GoToPatrolViewController.m in Sources */ = {isa = PBXBuildFile; fileRef = 84F929341F2971F500B76D79 /* GoToPatrolViewController.m */; };
		84F929381F2975AD00B76D79 /* PatrolTrajectoryViewController.m in Sources */ = {isa = PBXBuildFile; fileRef = 84F929371F2975AD00B76D79 /* PatrolTrajectoryViewController.m */; };
		84F9293A1F2979AD00B76D79 /* Patrol.storyboard in Resources */ = {isa = PBXBuildFile; fileRef = 84F929391F2979AD00B76D79 /* Patrol.storyboard */; };
		84F9293C1F297C8E00B76D79 /* PersonalCenter.storyboard in Resources */ = {isa = PBXBuildFile; fileRef = 84F9293B1F297C8E00B76D79 /* PersonalCenter.storyboard */; };
		84F9293F1F297D0E00B76D79 /* SettingViewController.m in Sources */ = {isa = PBXBuildFile; fileRef = 84F9293E1F297D0E00B76D79 /* SettingViewController.m */; };
		84F929431F297DFD00B76D79 /* SettingTableViewCell.m in Sources */ = {isa = PBXBuildFile; fileRef = 84F929411F297DFD00B76D79 /* SettingTableViewCell.m */; };
		84F929441F297DFD00B76D79 /* SettingTableViewCell.xib in Resources */ = {isa = PBXBuildFile; fileRef = 84F929421F297DFD00B76D79 /* SettingTableViewCell.xib */; };
		84F929471F298F1100B76D79 /* ReportViewController.m in Sources */ = {isa = PBXBuildFile; fileRef = 84F929461F298F1100B76D79 /* ReportViewController.m */; };
		84F9294A1F29914300B76D79 /* GoToReprotViewController.m in Sources */ = {isa = PBXBuildFile; fileRef = 84F929491F29914300B76D79 /* GoToReprotViewController.m */; };
		84F9294C1F29918400B76D79 /* Report.storyboard in Resources */ = {isa = PBXBuildFile; fileRef = 84F9294B1F29918400B76D79 /* Report.storyboard */; };
		84F929521F29DF0B00B76D79 /* AnnouncementViewController.m in Sources */ = {isa = PBXBuildFile; fileRef = 84F929511F29DF0B00B76D79 /* AnnouncementViewController.m */; };
		84F929551F29E0FC00B76D79 /* AnnouncementVcHeaderView.m in Sources */ = {isa = PBXBuildFile; fileRef = 84F929541F29E0FC00B76D79 /* AnnouncementVcHeaderView.m */; };
		84F929571F29E10800B76D79 /* AnnouncementVcHeaderView.xib in Resources */ = {isa = PBXBuildFile; fileRef = 84F929561F29E10800B76D79 /* AnnouncementVcHeaderView.xib */; };
		84F9295B1F29E24900B76D79 /* AnnouncementTableViewCell.m in Sources */ = {isa = PBXBuildFile; fileRef = 84F929591F29E24900B76D79 /* AnnouncementTableViewCell.m */; };
		84F9295C1F29E24900B76D79 /* AnnouncementTableViewCell.xib in Resources */ = {isa = PBXBuildFile; fileRef = 84F9295A1F29E24900B76D79 /* AnnouncementTableViewCell.xib */; };
		84F929601F29E41100B76D79 /* PullTableViewCell.m in Sources */ = {isa = PBXBuildFile; fileRef = 84F9295E1F29E41100B76D79 /* PullTableViewCell.m */; };
		84F929611F29E41100B76D79 /* PullTableViewCell.xib in Resources */ = {isa = PBXBuildFile; fileRef = 84F9295F1F29E41100B76D79 /* PullTableViewCell.xib */; };
		84F929641F29E72500B76D79 /* UILabel+VerticalAlign.m in Sources */ = {isa = PBXBuildFile; fileRef = 84F929631F29E72500B76D79 /* UILabel+VerticalAlign.m */; };
		84F929681F2AFDC100B76D79 /* PatrolHistoryTableViewCell.m in Sources */ = {isa = PBXBuildFile; fileRef = 84F929661F2AFDC100B76D79 /* PatrolHistoryTableViewCell.m */; };
		84F929691F2AFDC100B76D79 /* PatrolHistoryTableViewCell.xib in Resources */ = {isa = PBXBuildFile; fileRef = 84F929671F2AFDC100B76D79 /* PatrolHistoryTableViewCell.xib */; };
		84F9296D1F2B159100B76D79 /* GoToReportTableViewCell.m in Sources */ = {isa = PBXBuildFile; fileRef = 84F9296B1F2B159100B76D79 /* GoToReportTableViewCell.m */; };
		84F9296E1F2B159100B76D79 /* GoToReportTableViewCell.xib in Resources */ = {isa = PBXBuildFile; fileRef = 84F9296C1F2B159100B76D79 /* GoToReportTableViewCell.xib */; };
		84F929721F2B1A4000B76D79 /* TextViewTableViewCell.m in Sources */ = {isa = PBXBuildFile; fileRef = 84F929701F2B1A4000B76D79 /* TextViewTableViewCell.m */; };
		84F929731F2B1A4000B76D79 /* TextViewTableViewCell.xib in Resources */ = {isa = PBXBuildFile; fileRef = 84F929711F2B1A4000B76D79 /* TextViewTableViewCell.xib */; };
		84F929761F2B1FD700B76D79 /* Tools.m in Sources */ = {isa = PBXBuildFile; fileRef = 84F929751F2B1FD700B76D79 /* Tools.m */; };
/* End PBXBuildFile section */

/* Begin PBXContainerItemProxy section */
		84F927741F25D37400B76D79 /* PBXContainerItemProxy */ = {
			isa = PBXContainerItemProxy;
			containerPortal = 84F927521F25D37400B76D79 /* Project object */;
			proxyType = 1;
			remoteGlobalIDString = 84F927591F25D37400B76D79;
			remoteInfo = Monitore;
		};
		84F9277F1F25D37400B76D79 /* PBXContainerItemProxy */ = {
			isa = PBXContainerItemProxy;
			containerPortal = 84F927521F25D37400B76D79 /* Project object */;
			proxyType = 1;
			remoteGlobalIDString = 84F927591F25D37400B76D79;
			remoteInfo = Monitore;
		};
/* End PBXContainerItemProxy section */

/* Begin PBXFileReference section */
		78E26AB01F29FEC2007A96F6 /* Main.storyboard */ = {isa = PBXFileReference; fileEncoding = 4; lastKnownFileType = file.storyboard; path = Main.storyboard; sourceTree = "<group>"; };
		78E26AB51F2A2540007A96F6 /* Announcement.storyboard */ = {isa = PBXFileReference; fileEncoding = 4; lastKnownFileType = file.storyboard; path = Announcement.storyboard; sourceTree = "<group>"; };
		84F9275A1F25D37400B76D79 /* Monitore.app */ = {isa = PBXFileReference; explicitFileType = wrapper.application; includeInIndex = 0; path = Monitore.app; sourceTree = BUILT_PRODUCTS_DIR; };
		84F9275E1F25D37400B76D79 /* main.m */ = {isa = PBXFileReference; lastKnownFileType = sourcecode.c.objc; path = main.m; sourceTree = "<group>"; };
		84F927731F25D37400B76D79 /* MonitoreTests.xctest */ = {isa = PBXFileReference; explicitFileType = wrapper.cfbundle; includeInIndex = 0; path = MonitoreTests.xctest; sourceTree = BUILT_PRODUCTS_DIR; };
		84F927771F25D37400B76D79 /* MonitoreTests.m */ = {isa = PBXFileReference; lastKnownFileType = sourcecode.c.objc; path = MonitoreTests.m; sourceTree = "<group>"; };
		84F927791F25D37400B76D79 /* Info.plist */ = {isa = PBXFileReference; lastKnownFileType = text.plist.xml; path = Info.plist; sourceTree = "<group>"; };
		84F9277E1F25D37400B76D79 /* MonitoreUITests.xctest */ = {isa = PBXFileReference; explicitFileType = wrapper.cfbundle; includeInIndex = 0; path = MonitoreUITests.xctest; sourceTree = BUILT_PRODUCTS_DIR; };
		84F927821F25D37400B76D79 /* MonitoreUITests.m */ = {isa = PBXFileReference; lastKnownFileType = sourcecode.c.objc; path = MonitoreUITests.m; sourceTree = "<group>"; };
		84F927841F25D37400B76D79 /* Info.plist */ = {isa = PBXFileReference; lastKnownFileType = text.plist.xml; path = Info.plist; sourceTree = "<group>"; };
		84F927AF1F25D61100B76D79 /* AppDelegate.h */ = {isa = PBXFileReference; fileEncoding = 4; lastKnownFileType = sourcecode.c.h; path = AppDelegate.h; sourceTree = "<group>"; };
		84F927B01F25D61100B76D79 /* AppDelegate.m */ = {isa = PBXFileReference; fileEncoding = 4; lastKnownFileType = sourcecode.c.objc; path = AppDelegate.m; sourceTree = "<group>"; };
		84F927BB1F25D72200B76D79 /* BaseViewController.h */ = {isa = PBXFileReference; fileEncoding = 4; lastKnownFileType = sourcecode.c.h; path = BaseViewController.h; sourceTree = "<group>"; };
		84F927BC1F25D72200B76D79 /* BaseViewController.m */ = {isa = PBXFileReference; fileEncoding = 4; lastKnownFileType = sourcecode.c.objc; path = BaseViewController.m; sourceTree = "<group>"; };
		84F927C11F25DA3F00B76D79 /* MNavigationItem.h */ = {isa = PBXFileReference; fileEncoding = 4; lastKnownFileType = sourcecode.c.h; path = MNavigationItem.h; sourceTree = "<group>"; };
		84F927C21F25DA3F00B76D79 /* MNavigationItem.m */ = {isa = PBXFileReference; fileEncoding = 4; lastKnownFileType = sourcecode.c.objc; path = MNavigationItem.m; sourceTree = "<group>"; };
		84F927C41F25DA6000B76D79 /* MNavigationItem.xib */ = {isa = PBXFileReference; fileEncoding = 4; lastKnownFileType = file.xib; path = MNavigationItem.xib; sourceTree = "<group>"; };
		84F927C61F25DD8100B76D79 /* UIView+LjAdd.h */ = {isa = PBXFileReference; fileEncoding = 4; lastKnownFileType = sourcecode.c.h; path = "UIView+LjAdd.h"; sourceTree = "<group>"; };
		84F927C71F25DD8100B76D79 /* UIView+LjAdd.m */ = {isa = PBXFileReference; fileEncoding = 4; lastKnownFileType = sourcecode.c.objc; path = "UIView+LjAdd.m"; sourceTree = "<group>"; };
		84F927CC1F25E8D400B76D79 /* MNavigationController.h */ = {isa = PBXFileReference; fileEncoding = 4; lastKnownFileType = sourcecode.c.h; path = MNavigationController.h; sourceTree = "<group>"; };
		84F927CD1F25E8D400B76D79 /* MNavigationController.m */ = {isa = PBXFileReference; fileEncoding = 4; lastKnownFileType = sourcecode.c.objc; path = MNavigationController.m; sourceTree = "<group>"; };
		84F927D41F25FF1D00B76D79 /* Define.h */ = {isa = PBXFileReference; lastKnownFileType = sourcecode.c.h; path = Define.h; sourceTree = "<group>"; };
		84F927D51F26011800B76D79 /* PrefixHeader.pch */ = {isa = PBXFileReference; lastKnownFileType = sourcecode.c.h; path = PrefixHeader.pch; sourceTree = "<group>"; };
		84F927DB1F27478800B76D79 /* NSArray+LjAdd.h */ = {isa = PBXFileReference; fileEncoding = 4; lastKnownFileType = sourcecode.c.h; path = "NSArray+LjAdd.h"; sourceTree = "<group>"; };
		84F927DC1F27478800B76D79 /* NSArray+LjAdd.m */ = {isa = PBXFileReference; fileEncoding = 4; lastKnownFileType = sourcecode.c.objc; path = "NSArray+LjAdd.m"; sourceTree = "<group>"; };
		84F928461F2898FE00B76D79 /* CustomeLabel.h */ = {isa = PBXFileReference; fileEncoding = 4; lastKnownFileType = sourcecode.c.h; path = CustomeLabel.h; sourceTree = "<group>"; };
		84F928471F2898FF00B76D79 /* CustomeLabel.m */ = {isa = PBXFileReference; fileEncoding = 4; lastKnownFileType = sourcecode.c.objc; path = CustomeLabel.m; sourceTree = "<group>"; };
		84F928C81F29652B00B76D79 /* HomeViewController.h */ = {isa = PBXFileReference; fileEncoding = 4; lastKnownFileType = sourcecode.c.h; path = HomeViewController.h; sourceTree = "<group>"; };
		84F928C91F29652B00B76D79 /* HomeViewController.m */ = {isa = PBXFileReference; fileEncoding = 4; lastKnownFileType = sourcecode.c.objc; path = HomeViewController.m; sourceTree = "<group>"; };
		84F928CC1F29652B00B76D79 /* HomeCollectionViewCell.h */ = {isa = PBXFileReference; fileEncoding = 4; lastKnownFileType = sourcecode.c.h; path = HomeCollectionViewCell.h; sourceTree = "<group>"; };
		84F928CD1F29652B00B76D79 /* HomeCollectionViewCell.m */ = {isa = PBXFileReference; fileEncoding = 4; lastKnownFileType = sourcecode.c.objc; path = HomeCollectionViewCell.m; sourceTree = "<group>"; };
		84F928CE1F29652B00B76D79 /* HomeCollectionViewCell.xib */ = {isa = PBXFileReference; fileEncoding = 4; lastKnownFileType = file.xib; path = HomeCollectionViewCell.xib; sourceTree = "<group>"; };
		84F928CF1F29652B00B76D79 /* HomeHeaderView.h */ = {isa = PBXFileReference; fileEncoding = 4; lastKnownFileType = sourcecode.c.h; path = HomeHeaderView.h; sourceTree = "<group>"; };
		84F928D01F29652B00B76D79 /* HomeHeaderView.m */ = {isa = PBXFileReference; fileEncoding = 4; lastKnownFileType = sourcecode.c.objc; path = HomeHeaderView.m; sourceTree = "<group>"; };
		84F928D11F29652B00B76D79 /* HomeHeaderView.xib */ = {isa = PBXFileReference; fileEncoding = 4; lastKnownFileType = file.xib; path = HomeHeaderView.xib; sourceTree = "<group>"; };
		84F928D41F29652B00B76D79 /* InfoViewController.h */ = {isa = PBXFileReference; fileEncoding = 4; lastKnownFileType = sourcecode.c.h; path = InfoViewController.h; sourceTree = "<group>"; };
		84F928D51F29652B00B76D79 /* InfoViewController.m */ = {isa = PBXFileReference; fileEncoding = 4; lastKnownFileType = sourcecode.c.objc; path = InfoViewController.m; sourceTree = "<group>"; };
		84F928D81F29652B00B76D79 /* InfoTableViewCell.h */ = {isa = PBXFileReference; fileEncoding = 4; lastKnownFileType = sourcecode.c.h; path = InfoTableViewCell.h; sourceTree = "<group>"; };
		84F928D91F29652B00B76D79 /* InfoTableViewCell.m */ = {isa = PBXFileReference; fileEncoding = 4; lastKnownFileType = sourcecode.c.objc; path = InfoTableViewCell.m; sourceTree = "<group>"; };
		84F928DA1F29652B00B76D79 /* InfoTableViewCell.xib */ = {isa = PBXFileReference; fileEncoding = 4; lastKnownFileType = file.xib; path = InfoTableViewCell.xib; sourceTree = "<group>"; };
		84F928DD1F29652B00B76D79 /* PatrolViewController.h */ = {isa = PBXFileReference; fileEncoding = 4; lastKnownFileType = sourcecode.c.h; path = PatrolViewController.h; sourceTree = "<group>"; };
		84F928DE1F29652B00B76D79 /* PatrolViewController.m */ = {isa = PBXFileReference; fileEncoding = 4; lastKnownFileType = sourcecode.c.objc; path = PatrolViewController.m; sourceTree = "<group>"; };
		84F928E11F29652B00B76D79 /* PatrolTableHeaderView.h */ = {isa = PBXFileReference; fileEncoding = 4; lastKnownFileType = sourcecode.c.h; path = PatrolTableHeaderView.h; sourceTree = "<group>"; };
		84F928E21F29652B00B76D79 /* PatrolTableHeaderView.m */ = {isa = PBXFileReference; fileEncoding = 4; lastKnownFileType = sourcecode.c.objc; path = PatrolTableHeaderView.m; sourceTree = "<group>"; };
		84F928E31F29652B00B76D79 /* PatrolTableHeaderView.xib */ = {isa = PBXFileReference; fileEncoding = 4; lastKnownFileType = file.xib; path = PatrolTableHeaderView.xib; sourceTree = "<group>"; };
		84F928E41F29652B00B76D79 /* PatrolTableViewCell.h */ = {isa = PBXFileReference; fileEncoding = 4; lastKnownFileType = sourcecode.c.h; path = PatrolTableViewCell.h; sourceTree = "<group>"; };
		84F928E51F29652B00B76D79 /* PatrolTableViewCell.m */ = {isa = PBXFileReference; fileEncoding = 4; lastKnownFileType = sourcecode.c.objc; path = PatrolTableViewCell.m; sourceTree = "<group>"; };
		84F928E61F29652B00B76D79 /* PatrolTableViewCell.xib */ = {isa = PBXFileReference; fileEncoding = 4; lastKnownFileType = file.xib; path = PatrolTableViewCell.xib; sourceTree = "<group>"; };
		84F928E91F29652B00B76D79 /* PatrolHistoryViewController.h */ = {isa = PBXFileReference; fileEncoding = 4; lastKnownFileType = sourcecode.c.h; path = PatrolHistoryViewController.h; sourceTree = "<group>"; };
		84F928EA1F29652B00B76D79 /* PatrolHistoryViewController.m */ = {isa = PBXFileReference; fileEncoding = 4; lastKnownFileType = sourcecode.c.objc; path = PatrolHistoryViewController.m; sourceTree = "<group>"; };
		84F928EB1F29652B00B76D79 /* PersonalCenterVc.h */ = {isa = PBXFileReference; fileEncoding = 4; lastKnownFileType = sourcecode.c.h; path = PersonalCenterVc.h; sourceTree = "<group>"; };
		84F928EC1F29652B00B76D79 /* PersonalCenterVc.m */ = {isa = PBXFileReference; fileEncoding = 4; lastKnownFileType = sourcecode.c.objc; path = PersonalCenterVc.m; sourceTree = "<group>"; };
		84F928ED1F29652B00B76D79 /* PersonalDataViewController.h */ = {isa = PBXFileReference; fileEncoding = 4; lastKnownFileType = sourcecode.c.h; path = PersonalDataViewController.h; sourceTree = "<group>"; };
		84F928EE1F29652B00B76D79 /* PersonalDataViewController.m */ = {isa = PBXFileReference; fileEncoding = 4; lastKnownFileType = sourcecode.c.objc; path = PersonalDataViewController.m; sourceTree = "<group>"; };
		84F928F11F29652B00B76D79 /* PersonalCenterTableViewCell.h */ = {isa = PBXFileReference; fileEncoding = 4; lastKnownFileType = sourcecode.c.h; path = PersonalCenterTableViewCell.h; sourceTree = "<group>"; };
		84F928F21F29652B00B76D79 /* PersonalCenterTableViewCell.m */ = {isa = PBXFileReference; fileEncoding = 4; lastKnownFileType = sourcecode.c.objc; path = PersonalCenterTableViewCell.m; sourceTree = "<group>"; };
		84F928F31F29652B00B76D79 /* PersonalCenterTableViewCell.xib */ = {isa = PBXFileReference; fileEncoding = 4; lastKnownFileType = file.xib; path = PersonalCenterTableViewCell.xib; sourceTree = "<group>"; };
		84F928F41F29652B00B76D79 /* PersonalDataFooterView.h */ = {isa = PBXFileReference; fileEncoding = 4; lastKnownFileType = sourcecode.c.h; path = PersonalDataFooterView.h; sourceTree = "<group>"; };
		84F928F51F29652B00B76D79 /* PersonalDataFooterView.m */ = {isa = PBXFileReference; fileEncoding = 4; lastKnownFileType = sourcecode.c.objc; path = PersonalDataFooterView.m; sourceTree = "<group>"; };
		84F928F61F29652B00B76D79 /* PersonalDataFooterView.xib */ = {isa = PBXFileReference; fileEncoding = 4; lastKnownFileType = file.xib; path = PersonalDataFooterView.xib; sourceTree = "<group>"; };
		84F928F71F29652B00B76D79 /* PersonalDataHeaderView.h */ = {isa = PBXFileReference; fileEncoding = 4; lastKnownFileType = sourcecode.c.h; path = PersonalDataHeaderView.h; sourceTree = "<group>"; };
		84F928F81F29652B00B76D79 /* PersonalDataHeaderView.m */ = {isa = PBXFileReference; fileEncoding = 4; lastKnownFileType = sourcecode.c.objc; path = PersonalDataHeaderView.m; sourceTree = "<group>"; };
		84F928F91F29652B00B76D79 /* PersonalDataHeaderView.xib */ = {isa = PBXFileReference; fileEncoding = 4; lastKnownFileType = file.xib; path = PersonalDataHeaderView.xib; sourceTree = "<group>"; };
		84F928FA1F29652B00B76D79 /* PersonalDataTableViewCell.h */ = {isa = PBXFileReference; fileEncoding = 4; lastKnownFileType = sourcecode.c.h; path = PersonalDataTableViewCell.h; sourceTree = "<group>"; };
		84F928FB1F29652B00B76D79 /* PersonalDataTableViewCell.m */ = {isa = PBXFileReference; fileEncoding = 4; lastKnownFileType = sourcecode.c.objc; path = PersonalDataTableViewCell.m; sourceTree = "<group>"; };
		84F928FC1F29652B00B76D79 /* PersonalDataTableViewCell.xib */ = {isa = PBXFileReference; fileEncoding = 4; lastKnownFileType = file.xib; path = PersonalDataTableViewCell.xib; sourceTree = "<group>"; };
		84F928FD1F29652B00B76D79 /* PersonalPhotoTableViewCell.h */ = {isa = PBXFileReference; fileEncoding = 4; lastKnownFileType = sourcecode.c.h; path = PersonalPhotoTableViewCell.h; sourceTree = "<group>"; };
		84F928FE1F29652B00B76D79 /* PersonalPhotoTableViewCell.m */ = {isa = PBXFileReference; fileEncoding = 4; lastKnownFileType = sourcecode.c.objc; path = PersonalPhotoTableViewCell.m; sourceTree = "<group>"; };
		84F928FF1F29652B00B76D79 /* PersonalPhotoTableViewCell.xib */ = {isa = PBXFileReference; fileEncoding = 4; lastKnownFileType = file.xib; path = PersonalPhotoTableViewCell.xib; sourceTree = "<group>"; };
		84F9292D1F2968AE00B76D79 /* Assets.xcassets */ = {isa = PBXFileReference; lastKnownFileType = folder.assetcatalog; path = Assets.xcassets; sourceTree = "<group>"; };
		84F9292E1F2968AE00B76D79 /* Info.plist */ = {isa = PBXFileReference; fileEncoding = 4; lastKnownFileType = text.plist.xml; path = Info.plist; sourceTree = "<group>"; };
		84F9292F1F2968AE00B76D79 /* LaunchScreen.storyboard */ = {isa = PBXFileReference; fileEncoding = 4; lastKnownFileType = file.storyboard; path = LaunchScreen.storyboard; sourceTree = "<group>"; };
		84F929331F2971F500B76D79 /* GoToPatrolViewController.h */ = {isa = PBXFileReference; fileEncoding = 4; lastKnownFileType = sourcecode.c.h; path = GoToPatrolViewController.h; sourceTree = "<group>"; };
		84F929341F2971F500B76D79 /* GoToPatrolViewController.m */ = {isa = PBXFileReference; fileEncoding = 4; lastKnownFileType = sourcecode.c.objc; path = GoToPatrolViewController.m; sourceTree = "<group>"; };
		84F929361F2975AD00B76D79 /* PatrolTrajectoryViewController.h */ = {isa = PBXFileReference; fileEncoding = 4; lastKnownFileType = sourcecode.c.h; path = PatrolTrajectoryViewController.h; sourceTree = "<group>"; };
		84F929371F2975AD00B76D79 /* PatrolTrajectoryViewController.m */ = {isa = PBXFileReference; fileEncoding = 4; lastKnownFileType = sourcecode.c.objc; path = PatrolTrajectoryViewController.m; sourceTree = "<group>"; };
		84F929391F2979AD00B76D79 /* Patrol.storyboard */ = {isa = PBXFileReference; fileEncoding = 4; lastKnownFileType = file.storyboard; path = Patrol.storyboard; sourceTree = "<group>"; };
		84F9293B1F297C8E00B76D79 /* PersonalCenter.storyboard */ = {isa = PBXFileReference; fileEncoding = 4; lastKnownFileType = file.storyboard; path = PersonalCenter.storyboard; sourceTree = "<group>"; };
		84F9293D1F297D0E00B76D79 /* SettingViewController.h */ = {isa = PBXFileReference; fileEncoding = 4; lastKnownFileType = sourcecode.c.h; path = SettingViewController.h; sourceTree = "<group>"; };
		84F9293E1F297D0E00B76D79 /* SettingViewController.m */ = {isa = PBXFileReference; fileEncoding = 4; lastKnownFileType = sourcecode.c.objc; path = SettingViewController.m; sourceTree = "<group>"; };
		84F929401F297DFD00B76D79 /* SettingTableViewCell.h */ = {isa = PBXFileReference; fileEncoding = 4; lastKnownFileType = sourcecode.c.h; path = SettingTableViewCell.h; sourceTree = "<group>"; };
		84F929411F297DFD00B76D79 /* SettingTableViewCell.m */ = {isa = PBXFileReference; fileEncoding = 4; lastKnownFileType = sourcecode.c.objc; path = SettingTableViewCell.m; sourceTree = "<group>"; };
		84F929421F297DFD00B76D79 /* SettingTableViewCell.xib */ = {isa = PBXFileReference; fileEncoding = 4; lastKnownFileType = file.xib; path = SettingTableViewCell.xib; sourceTree = "<group>"; };
		84F929451F298F1100B76D79 /* ReportViewController.h */ = {isa = PBXFileReference; fileEncoding = 4; lastKnownFileType = sourcecode.c.h; path = ReportViewController.h; sourceTree = "<group>"; };
		84F929461F298F1100B76D79 /* ReportViewController.m */ = {isa = PBXFileReference; fileEncoding = 4; lastKnownFileType = sourcecode.c.objc; path = ReportViewController.m; sourceTree = "<group>"; };
		84F929481F29914300B76D79 /* GoToReprotViewController.h */ = {isa = PBXFileReference; fileEncoding = 4; lastKnownFileType = sourcecode.c.h; path = GoToReprotViewController.h; sourceTree = "<group>"; };
		84F929491F29914300B76D79 /* GoToReprotViewController.m */ = {isa = PBXFileReference; fileEncoding = 4; lastKnownFileType = sourcecode.c.objc; path = GoToReprotViewController.m; sourceTree = "<group>"; };
		84F9294B1F29918400B76D79 /* Report.storyboard */ = {isa = PBXFileReference; fileEncoding = 4; lastKnownFileType = file.storyboard; path = Report.storyboard; sourceTree = "<group>"; };
		84F929501F29DF0B00B76D79 /* AnnouncementViewController.h */ = {isa = PBXFileReference; fileEncoding = 4; lastKnownFileType = sourcecode.c.h; path = AnnouncementViewController.h; sourceTree = "<group>"; };
		84F929511F29DF0B00B76D79 /* AnnouncementViewController.m */ = {isa = PBXFileReference; fileEncoding = 4; lastKnownFileType = sourcecode.c.objc; path = AnnouncementViewController.m; sourceTree = "<group>"; };
		84F929531F29E0FC00B76D79 /* AnnouncementVcHeaderView.h */ = {isa = PBXFileReference; fileEncoding = 4; lastKnownFileType = sourcecode.c.h; path = AnnouncementVcHeaderView.h; sourceTree = "<group>"; };
		84F929541F29E0FC00B76D79 /* AnnouncementVcHeaderView.m */ = {isa = PBXFileReference; fileEncoding = 4; lastKnownFileType = sourcecode.c.objc; path = AnnouncementVcHeaderView.m; sourceTree = "<group>"; };
		84F929561F29E10800B76D79 /* AnnouncementVcHeaderView.xib */ = {isa = PBXFileReference; fileEncoding = 4; lastKnownFileType = file.xib; path = AnnouncementVcHeaderView.xib; sourceTree = "<group>"; };
		84F929581F29E24900B76D79 /* AnnouncementTableViewCell.h */ = {isa = PBXFileReference; fileEncoding = 4; lastKnownFileType = sourcecode.c.h; path = AnnouncementTableViewCell.h; sourceTree = "<group>"; };
		84F929591F29E24900B76D79 /* AnnouncementTableViewCell.m */ = {isa = PBXFileReference; fileEncoding = 4; lastKnownFileType = sourcecode.c.objc; path = AnnouncementTableViewCell.m; sourceTree = "<group>"; };
		84F9295A1F29E24900B76D79 /* AnnouncementTableViewCell.xib */ = {isa = PBXFileReference; fileEncoding = 4; lastKnownFileType = file.xib; path = AnnouncementTableViewCell.xib; sourceTree = "<group>"; };
		84F9295D1F29E41100B76D79 /* PullTableViewCell.h */ = {isa = PBXFileReference; fileEncoding = 4; lastKnownFileType = sourcecode.c.h; path = PullTableViewCell.h; sourceTree = "<group>"; };
		84F9295E1F29E41100B76D79 /* PullTableViewCell.m */ = {isa = PBXFileReference; fileEncoding = 4; lastKnownFileType = sourcecode.c.objc; path = PullTableViewCell.m; sourceTree = "<group>"; };
		84F9295F1F29E41100B76D79 /* PullTableViewCell.xib */ = {isa = PBXFileReference; fileEncoding = 4; lastKnownFileType = file.xib; path = PullTableViewCell.xib; sourceTree = "<group>"; };
		84F929621F29E72500B76D79 /* UILabel+VerticalAlign.h */ = {isa = PBXFileReference; fileEncoding = 4; lastKnownFileType = sourcecode.c.h; path = "UILabel+VerticalAlign.h"; sourceTree = "<group>"; };
		84F929631F29E72500B76D79 /* UILabel+VerticalAlign.m */ = {isa = PBXFileReference; fileEncoding = 4; lastKnownFileType = sourcecode.c.objc; path = "UILabel+VerticalAlign.m"; sourceTree = "<group>"; };
		84F929651F2AFDC100B76D79 /* PatrolHistoryTableViewCell.h */ = {isa = PBXFileReference; fileEncoding = 4; lastKnownFileType = sourcecode.c.h; path = PatrolHistoryTableViewCell.h; sourceTree = "<group>"; };
		84F929661F2AFDC100B76D79 /* PatrolHistoryTableViewCell.m */ = {isa = PBXFileReference; fileEncoding = 4; lastKnownFileType = sourcecode.c.objc; path = PatrolHistoryTableViewCell.m; sourceTree = "<group>"; };
		84F929671F2AFDC100B76D79 /* PatrolHistoryTableViewCell.xib */ = {isa = PBXFileReference; fileEncoding = 4; lastKnownFileType = file.xib; path = PatrolHistoryTableViewCell.xib; sourceTree = "<group>"; };
		84F9296A1F2B159100B76D79 /* GoToReportTableViewCell.h */ = {isa = PBXFileReference; fileEncoding = 4; lastKnownFileType = sourcecode.c.h; path = GoToReportTableViewCell.h; sourceTree = "<group>"; };
		84F9296B1F2B159100B76D79 /* GoToReportTableViewCell.m */ = {isa = PBXFileReference; fileEncoding = 4; lastKnownFileType = sourcecode.c.objc; path = GoToReportTableViewCell.m; sourceTree = "<group>"; };
		84F9296C1F2B159100B76D79 /* GoToReportTableViewCell.xib */ = {isa = PBXFileReference; fileEncoding = 4; lastKnownFileType = file.xib; path = GoToReportTableViewCell.xib; sourceTree = "<group>"; };
		84F9296F1F2B1A4000B76D79 /* TextViewTableViewCell.h */ = {isa = PBXFileReference; fileEncoding = 4; lastKnownFileType = sourcecode.c.h; path = TextViewTableViewCell.h; sourceTree = "<group>"; };
		84F929701F2B1A4000B76D79 /* TextViewTableViewCell.m */ = {isa = PBXFileReference; fileEncoding = 4; lastKnownFileType = sourcecode.c.objc; path = TextViewTableViewCell.m; sourceTree = "<group>"; };
		84F929711F2B1A4000B76D79 /* TextViewTableViewCell.xib */ = {isa = PBXFileReference; fileEncoding = 4; lastKnownFileType = file.xib; path = TextViewTableViewCell.xib; sourceTree = "<group>"; };
		84F929741F2B1FD700B76D79 /* Tools.h */ = {isa = PBXFileReference; fileEncoding = 4; lastKnownFileType = sourcecode.c.h; path = Tools.h; sourceTree = "<group>"; };
		84F929751F2B1FD700B76D79 /* Tools.m */ = {isa = PBXFileReference; fileEncoding = 4; lastKnownFileType = sourcecode.c.objc; path = Tools.m; sourceTree = "<group>"; };
/* End PBXFileReference section */

/* Begin PBXFrameworksBuildPhase section */
		84F927571F25D37400B76D79 /* Frameworks */ = {
			isa = PBXFrameworksBuildPhase;
			buildActionMask = 2147483647;
			files = (
			);
			runOnlyForDeploymentPostprocessing = 0;
		};
		84F927701F25D37400B76D79 /* Frameworks */ = {
			isa = PBXFrameworksBuildPhase;
			buildActionMask = 2147483647;
			files = (
			);
			runOnlyForDeploymentPostprocessing = 0;
		};
		84F9277B1F25D37400B76D79 /* Frameworks */ = {
			isa = PBXFrameworksBuildPhase;
			buildActionMask = 2147483647;
			files = (
			);
			runOnlyForDeploymentPostprocessing = 0;
		};
/* End PBXFrameworksBuildPhase section */

/* Begin PBXGroup section */
		84F927511F25D37400B76D79 = {
			isa = PBXGroup;
			children = (
				84F9275C1F25D37400B76D79 /* Monitore */,
				84F927761F25D37400B76D79 /* MonitoreTests */,
				84F927811F25D37400B76D79 /* MonitoreUITests */,
				84F9275B1F25D37400B76D79 /* Products */,
			);
			sourceTree = "<group>";
		};
		84F9275B1F25D37400B76D79 /* Products */ = {
			isa = PBXGroup;
			children = (
				84F9275A1F25D37400B76D79 /* Monitore.app */,
				84F927731F25D37400B76D79 /* MonitoreTests.xctest */,
				84F9277E1F25D37400B76D79 /* MonitoreUITests.xctest */,
			);
			name = Products;
			sourceTree = "<group>";
		};
		84F9275C1F25D37400B76D79 /* Monitore */ = {
			isa = PBXGroup;
			children = (
				84F929291F2967B100B76D79 /* StoryBoard */,
				84F928BD1F29652B00B76D79 /* Class */,
				84F927AE1F25D61100B76D79 /* Base */,
				84F927B31F25D61100B76D79 /* Config */,
				84F927B41F25D61100B76D79 /* Tools */,
				84F9292C1F2968AE00B76D79 /* Resources */,
				84F927A11F25D51E00B76D79 /* Vender */,
				84F9275D1F25D37400B76D79 /* Supporting Files */,
			);
			path = Monitore;
			sourceTree = "<group>";
		};
		84F9275D1F25D37400B76D79 /* Supporting Files */ = {
			isa = PBXGroup;
			children = (
				84F9275E1F25D37400B76D79 /* main.m */,
			);
			name = "Supporting Files";
			sourceTree = "<group>";
		};
		84F927761F25D37400B76D79 /* MonitoreTests */ = {
			isa = PBXGroup;
			children = (
				84F927771F25D37400B76D79 /* MonitoreTests.m */,
				84F927791F25D37400B76D79 /* Info.plist */,
			);
			path = MonitoreTests;
			sourceTree = "<group>";
		};
		84F927811F25D37400B76D79 /* MonitoreUITests */ = {
			isa = PBXGroup;
			children = (
				84F927821F25D37400B76D79 /* MonitoreUITests.m */,
				84F927841F25D37400B76D79 /* Info.plist */,
			);
			path = MonitoreUITests;
			sourceTree = "<group>";
		};
		84F927A11F25D51E00B76D79 /* Vender */ = {
			isa = PBXGroup;
			children = (
			);
			path = Vender;
			sourceTree = "<group>";
		};
		84F927AE1F25D61100B76D79 /* Base */ = {
			isa = PBXGroup;
			children = (
				84F927AF1F25D61100B76D79 /* AppDelegate.h */,
				84F927B01F25D61100B76D79 /* AppDelegate.m */,
				84F927BB1F25D72200B76D79 /* BaseViewController.h */,
				84F927BC1F25D72200B76D79 /* BaseViewController.m */,
				84F927CC1F25E8D400B76D79 /* MNavigationController.h */,
				84F927CD1F25E8D400B76D79 /* MNavigationController.m */,
				84F927C11F25DA3F00B76D79 /* MNavigationItem.h */,
				84F927C21F25DA3F00B76D79 /* MNavigationItem.m */,
				84F927C41F25DA6000B76D79 /* MNavigationItem.xib */,
				84F927C61F25DD8100B76D79 /* UIView+LjAdd.h */,
				84F927C71F25DD8100B76D79 /* UIView+LjAdd.m */,
				84F927DB1F27478800B76D79 /* NSArray+LjAdd.h */,
				84F927DC1F27478800B76D79 /* NSArray+LjAdd.m */,
				84F928461F2898FE00B76D79 /* CustomeLabel.h */,
				84F928471F2898FF00B76D79 /* CustomeLabel.m */,
				84F929621F29E72500B76D79 /* UILabel+VerticalAlign.h */,
				84F929631F29E72500B76D79 /* UILabel+VerticalAlign.m */,
			);
			path = Base;
			sourceTree = "<group>";
		};
		84F927B31F25D61100B76D79 /* Config */ = {
			isa = PBXGroup;
			children = (
				84F927D41F25FF1D00B76D79 /* Define.h */,
				84F927D51F26011800B76D79 /* PrefixHeader.pch */,
			);
			path = Config;
			sourceTree = "<group>";
		};
		84F927B41F25D61100B76D79 /* Tools */ = {
			isa = PBXGroup;
			children = (
				84F929741F2B1FD700B76D79 /* Tools.h */,
				84F929751F2B1FD700B76D79 /* Tools.m */,
			);
			path = Tools;
			sourceTree = "<group>";
		};
		84F928BD1F29652B00B76D79 /* Class */ = {
			isa = PBXGroup;
			children = (
				84F928BE1F29652B00B76D79 /* Announcements */,
				84F928C21F29652B00B76D79 /* Blacklist */,
				84F928C61F29652B00B76D79 /* Home */,
				84F928D21F29652B00B76D79 /* Information */,
				84F928DB1F29652B00B76D79 /* Patrol */,
				84F928E71F29652B00B76D79 /* PersonalCenter */,
				84F929001F29652B00B76D79 /* Report */,
				84F929041F29652B00B76D79 /* Task */,
				84F929081F29652B00B76D79 /* Training */,
			);
			path = Class;
			sourceTree = "<group>";
		};
		84F928BE1F29652B00B76D79 /* Announcements */ = {
			isa = PBXGroup;
			children = (
				84F928BF1F29652B00B76D79 /* Controller */,
				84F928C01F29652B00B76D79 /* Model */,
				84F928C11F29652B00B76D79 /* View */,
			);
			path = Announcements;
			sourceTree = "<group>";
		};
		84F928BF1F29652B00B76D79 /* Controller */ = {
			isa = PBXGroup;
			children = (
				84F929501F29DF0B00B76D79 /* AnnouncementViewController.h */,
				84F929511F29DF0B00B76D79 /* AnnouncementViewController.m */,
			);
			path = Controller;
			sourceTree = "<group>";
		};
		84F928C01F29652B00B76D79 /* Model */ = {
			isa = PBXGroup;
			children = (
			);
			path = Model;
			sourceTree = "<group>";
		};
		84F928C11F29652B00B76D79 /* View */ = {
			isa = PBXGroup;
			children = (
				84F929531F29E0FC00B76D79 /* AnnouncementVcHeaderView.h */,
				84F929541F29E0FC00B76D79 /* AnnouncementVcHeaderView.m */,
				84F929561F29E10800B76D79 /* AnnouncementVcHeaderView.xib */,
				84F929581F29E24900B76D79 /* AnnouncementTableViewCell.h */,
				84F929591F29E24900B76D79 /* AnnouncementTableViewCell.m */,
				84F9295A1F29E24900B76D79 /* AnnouncementTableViewCell.xib */,
				84F9295D1F29E41100B76D79 /* PullTableViewCell.h */,
				84F9295E1F29E41100B76D79 /* PullTableViewCell.m */,
				84F9295F1F29E41100B76D79 /* PullTableViewCell.xib */,
			);
			path = View;
			sourceTree = "<group>";
		};
		84F928C21F29652B00B76D79 /* Blacklist */ = {
			isa = PBXGroup;
			children = (
				84F928C31F29652B00B76D79 /* Controller */,
				84F928C41F29652B00B76D79 /* Model */,
				84F928C51F29652B00B76D79 /* View */,
			);
			path = Blacklist;
			sourceTree = "<group>";
		};
		84F928C31F29652B00B76D79 /* Controller */ = {
			isa = PBXGroup;
			children = (
			);
			path = Controller;
			sourceTree = "<group>";
		};
		84F928C41F29652B00B76D79 /* Model */ = {
			isa = PBXGroup;
			children = (
			);
			path = Model;
			sourceTree = "<group>";
		};
		84F928C51F29652B00B76D79 /* View */ = {
			isa = PBXGroup;
			children = (
			);
			path = View;
			sourceTree = "<group>";
		};
		84F928C61F29652B00B76D79 /* Home */ = {
			isa = PBXGroup;
			children = (
				84F928C71F29652B00B76D79 /* Controller */,
				84F928CA1F29652B00B76D79 /* Model */,
				84F928CB1F29652B00B76D79 /* View */,
			);
			path = Home;
			sourceTree = "<group>";
		};
		84F928C71F29652B00B76D79 /* Controller */ = {
			isa = PBXGroup;
			children = (
				84F928C81F29652B00B76D79 /* HomeViewController.h */,
				84F928C91F29652B00B76D79 /* HomeViewController.m */,
			);
			path = Controller;
			sourceTree = "<group>";
		};
		84F928CA1F29652B00B76D79 /* Model */ = {
			isa = PBXGroup;
			children = (
			);
			path = Model;
			sourceTree = "<group>";
		};
		84F928CB1F29652B00B76D79 /* View */ = {
			isa = PBXGroup;
			children = (
				84F928CC1F29652B00B76D79 /* HomeCollectionViewCell.h */,
				84F928CD1F29652B00B76D79 /* HomeCollectionViewCell.m */,
				84F928CE1F29652B00B76D79 /* HomeCollectionViewCell.xib */,
				84F928CF1F29652B00B76D79 /* HomeHeaderView.h */,
				84F928D01F29652B00B76D79 /* HomeHeaderView.m */,
				84F928D11F29652B00B76D79 /* HomeHeaderView.xib */,
			);
			path = View;
			sourceTree = "<group>";
		};
		84F928D21F29652B00B76D79 /* Information */ = {
			isa = PBXGroup;
			children = (
				84F928D31F29652B00B76D79 /* Controller */,
				84F928D61F29652B00B76D79 /* Model */,
				84F928D71F29652B00B76D79 /* View */,
			);
			path = Information;
			sourceTree = "<group>";
		};
		84F928D31F29652B00B76D79 /* Controller */ = {
			isa = PBXGroup;
			children = (
				84F928D41F29652B00B76D79 /* InfoViewController.h */,
				84F928D51F29652B00B76D79 /* InfoViewController.m */,
			);
			path = Controller;
			sourceTree = "<group>";
		};
		84F928D61F29652B00B76D79 /* Model */ = {
			isa = PBXGroup;
			children = (
			);
			path = Model;
			sourceTree = "<group>";
		};
		84F928D71F29652B00B76D79 /* View */ = {
			isa = PBXGroup;
			children = (
				84F928D81F29652B00B76D79 /* InfoTableViewCell.h */,
				84F928D91F29652B00B76D79 /* InfoTableViewCell.m */,
				84F928DA1F29652B00B76D79 /* InfoTableViewCell.xib */,
			);
			path = View;
			sourceTree = "<group>";
		};
		84F928DB1F29652B00B76D79 /* Patrol */ = {
			isa = PBXGroup;
			children = (
				84F928DC1F29652B00B76D79 /* Controller */,
				84F928DF1F29652B00B76D79 /* Model */,
				84F928E01F29652B00B76D79 /* View */,
			);
			path = Patrol;
			sourceTree = "<group>";
		};
		84F928DC1F29652B00B76D79 /* Controller */ = {
			isa = PBXGroup;
			children = (
				84F928DD1F29652B00B76D79 /* PatrolViewController.h */,
				84F928DE1F29652B00B76D79 /* PatrolViewController.m */,
				84F929331F2971F500B76D79 /* GoToPatrolViewController.h */,
				84F929341F2971F500B76D79 /* GoToPatrolViewController.m */,
				84F929361F2975AD00B76D79 /* PatrolTrajectoryViewController.h */,
				84F929371F2975AD00B76D79 /* PatrolTrajectoryViewController.m */,
			);
			path = Controller;
			sourceTree = "<group>";
		};
		84F928DF1F29652B00B76D79 /* Model */ = {
			isa = PBXGroup;
			children = (
			);
			path = Model;
			sourceTree = "<group>";
		};
		84F928E01F29652B00B76D79 /* View */ = {
			isa = PBXGroup;
			children = (
				84F928E11F29652B00B76D79 /* PatrolTableHeaderView.h */,
				84F928E21F29652B00B76D79 /* PatrolTableHeaderView.m */,
				84F928E31F29652B00B76D79 /* PatrolTableHeaderView.xib */,
				84F928E41F29652B00B76D79 /* PatrolTableViewCell.h */,
				84F928E51F29652B00B76D79 /* PatrolTableViewCell.m */,
				84F928E61F29652B00B76D79 /* PatrolTableViewCell.xib */,
			);
			path = View;
			sourceTree = "<group>";
		};
		84F928E71F29652B00B76D79 /* PersonalCenter */ = {
			isa = PBXGroup;
			children = (
				84F928E81F29652B00B76D79 /* Controller */,
				84F928EF1F29652B00B76D79 /* Model */,
				84F928F01F29652B00B76D79 /* View */,
			);
			path = PersonalCenter;
			sourceTree = "<group>";
		};
		84F928E81F29652B00B76D79 /* Controller */ = {
			isa = PBXGroup;
			children = (
				84F928E91F29652B00B76D79 /* PatrolHistoryViewController.h */,
				84F928EA1F29652B00B76D79 /* PatrolHistoryViewController.m */,
				84F928EB1F29652B00B76D79 /* PersonalCenterVc.h */,
				84F928EC1F29652B00B76D79 /* PersonalCenterVc.m */,
				84F928ED1F29652B00B76D79 /* PersonalDataViewController.h */,
				84F928EE1F29652B00B76D79 /* PersonalDataViewController.m */,
				84F9293D1F297D0E00B76D79 /* SettingViewController.h */,
				84F9293E1F297D0E00B76D79 /* SettingViewController.m */,
			);
			path = Controller;
			sourceTree = "<group>";
		};
		84F928EF1F29652B00B76D79 /* Model */ = {
			isa = PBXGroup;
			children = (
			);
			path = Model;
			sourceTree = "<group>";
		};
		84F928F01F29652B00B76D79 /* View */ = {
			isa = PBXGroup;
			children = (
				84F928F11F29652B00B76D79 /* PersonalCenterTableViewCell.h */,
				84F928F21F29652B00B76D79 /* PersonalCenterTableViewCell.m */,
				84F928F31F29652B00B76D79 /* PersonalCenterTableViewCell.xib */,
				84F928F41F29652B00B76D79 /* PersonalDataFooterView.h */,
				84F928F51F29652B00B76D79 /* PersonalDataFooterView.m */,
				84F928F61F29652B00B76D79 /* PersonalDataFooterView.xib */,
				84F928F71F29652B00B76D79 /* PersonalDataHeaderView.h */,
				84F928F81F29652B00B76D79 /* PersonalDataHeaderView.m */,
				84F928F91F29652B00B76D79 /* PersonalDataHeaderView.xib */,
				84F928FA1F29652B00B76D79 /* PersonalDataTableViewCell.h */,
				84F928FB1F29652B00B76D79 /* PersonalDataTableViewCell.m */,
				84F928FC1F29652B00B76D79 /* PersonalDataTableViewCell.xib */,
				84F928FD1F29652B00B76D79 /* PersonalPhotoTableViewCell.h */,
				84F928FE1F29652B00B76D79 /* PersonalPhotoTableViewCell.m */,
				84F928FF1F29652B00B76D79 /* PersonalPhotoTableViewCell.xib */,
				84F929401F297DFD00B76D79 /* SettingTableViewCell.h */,
				84F929411F297DFD00B76D79 /* SettingTableViewCell.m */,
				84F929421F297DFD00B76D79 /* SettingTableViewCell.xib */,
				84F929651F2AFDC100B76D79 /* PatrolHistoryTableViewCell.h */,
				84F929661F2AFDC100B76D79 /* PatrolHistoryTableViewCell.m */,
				84F929671F2AFDC100B76D79 /* PatrolHistoryTableViewCell.xib */,
			);
			path = View;
			sourceTree = "<group>";
		};
		84F929001F29652B00B76D79 /* Report */ = {
			isa = PBXGroup;
			children = (
				84F929011F29652B00B76D79 /* Controller */,
				84F929021F29652B00B76D79 /* Model */,
				84F929031F29652B00B76D79 /* View */,
			);
			path = Report;
			sourceTree = "<group>";
		};
		84F929011F29652B00B76D79 /* Controller */ = {
			isa = PBXGroup;
			children = (
				84F929451F298F1100B76D79 /* ReportViewController.h */,
				84F929461F298F1100B76D79 /* ReportViewController.m */,
				84F929481F29914300B76D79 /* GoToReprotViewController.h */,
				84F929491F29914300B76D79 /* GoToReprotViewController.m */,
			);
			path = Controller;
			sourceTree = "<group>";
		};
		84F929021F29652B00B76D79 /* Model */ = {
			isa = PBXGroup;
			children = (
			);
			path = Model;
			sourceTree = "<group>";
		};
		84F929031F29652B00B76D79 /* View */ = {
			isa = PBXGroup;
			children = (
				84F9296A1F2B159100B76D79 /* GoToReportTableViewCell.h */,
				84F9296B1F2B159100B76D79 /* GoToReportTableViewCell.m */,
				84F9296C1F2B159100B76D79 /* GoToReportTableViewCell.xib */,
				84F9296F1F2B1A4000B76D79 /* TextViewTableViewCell.h */,
				84F929701F2B1A4000B76D79 /* TextViewTableViewCell.m */,
				84F929711F2B1A4000B76D79 /* TextViewTableViewCell.xib */,
			);
			path = View;
			sourceTree = "<group>";
		};
		84F929041F29652B00B76D79 /* Task */ = {
			isa = PBXGroup;
			children = (
				84F929051F29652B00B76D79 /* Controller */,
				84F929061F29652B00B76D79 /* Model */,
				84F929071F29652B00B76D79 /* View */,
			);
			path = Task;
			sourceTree = "<group>";
		};
		84F929051F29652B00B76D79 /* Controller */ = {
			isa = PBXGroup;
			children = (
			);
			path = Controller;
			sourceTree = "<group>";
		};
		84F929061F29652B00B76D79 /* Model */ = {
			isa = PBXGroup;
			children = (
			);
			path = Model;
			sourceTree = "<group>";
		};
		84F929071F29652B00B76D79 /* View */ = {
			isa = PBXGroup;
			children = (
			);
			path = View;
			sourceTree = "<group>";
		};
		84F929081F29652B00B76D79 /* Training */ = {
			isa = PBXGroup;
			children = (
				84F929091F29652B00B76D79 /* Controller */,
				84F9290A1F29652B00B76D79 /* Model */,
				84F9290B1F29652B00B76D79 /* View */,
			);
			path = Training;
			sourceTree = "<group>";
		};
		84F929091F29652B00B76D79 /* Controller */ = {
			isa = PBXGroup;
			children = (
			);
			path = Controller;
			sourceTree = "<group>";
		};
		84F9290A1F29652B00B76D79 /* Model */ = {
			isa = PBXGroup;
			children = (
			);
			path = Model;
			sourceTree = "<group>";
		};
		84F9290B1F29652B00B76D79 /* View */ = {
			isa = PBXGroup;
			children = (
			);
			path = View;
			sourceTree = "<group>";
		};
		84F929291F2967B100B76D79 /* StoryBoard */ = {
			isa = PBXGroup;
			children = (
				78E26AB01F29FEC2007A96F6 /* Main.storyboard */,
				84F929391F2979AD00B76D79 /* Patrol.storyboard */,
				84F9293B1F297C8E00B76D79 /* PersonalCenter.storyboard */,
				84F9294B1F29918400B76D79 /* Report.storyboard */,
				78E26AB51F2A2540007A96F6 /* Announcement.storyboard */,
			);
			path = StoryBoard;
			sourceTree = "<group>";
		};
		84F9292C1F2968AE00B76D79 /* Resources */ = {
			isa = PBXGroup;
			children = (
				84F9292D1F2968AE00B76D79 /* Assets.xcassets */,
				84F9292E1F2968AE00B76D79 /* Info.plist */,
				84F9292F1F2968AE00B76D79 /* LaunchScreen.storyboard */,
			);
			path = Resources;
			sourceTree = "<group>";
		};
/* End PBXGroup section */

/* Begin PBXNativeTarget section */
		84F927591F25D37400B76D79 /* Monitore */ = {
			isa = PBXNativeTarget;
			buildConfigurationList = 84F927871F25D37500B76D79 /* Build configuration list for PBXNativeTarget "Monitore" */;
			buildPhases = (
				84F927561F25D37400B76D79 /* Sources */,
				84F927571F25D37400B76D79 /* Frameworks */,
				84F927581F25D37400B76D79 /* Resources */,
			);
			buildRules = (
			);
			dependencies = (
			);
			name = Monitore;
			productName = Monitore;
			productReference = 84F9275A1F25D37400B76D79 /* Monitore.app */;
			productType = "com.apple.product-type.application";
		};
		84F927721F25D37400B76D79 /* MonitoreTests */ = {
			isa = PBXNativeTarget;
			buildConfigurationList = 84F9278A1F25D37500B76D79 /* Build configuration list for PBXNativeTarget "MonitoreTests" */;
			buildPhases = (
				84F9276F1F25D37400B76D79 /* Sources */,
				84F927701F25D37400B76D79 /* Frameworks */,
				84F927711F25D37400B76D79 /* Resources */,
			);
			buildRules = (
			);
			dependencies = (
				84F927751F25D37400B76D79 /* PBXTargetDependency */,
			);
			name = MonitoreTests;
			productName = MonitoreTests;
			productReference = 84F927731F25D37400B76D79 /* MonitoreTests.xctest */;
			productType = "com.apple.product-type.bundle.unit-test";
		};
		84F9277D1F25D37400B76D79 /* MonitoreUITests */ = {
			isa = PBXNativeTarget;
			buildConfigurationList = 84F9278D1F25D37500B76D79 /* Build configuration list for PBXNativeTarget "MonitoreUITests" */;
			buildPhases = (
				84F9277A1F25D37400B76D79 /* Sources */,
				84F9277B1F25D37400B76D79 /* Frameworks */,
				84F9277C1F25D37400B76D79 /* Resources */,
			);
			buildRules = (
			);
			dependencies = (
				84F927801F25D37400B76D79 /* PBXTargetDependency */,
			);
			name = MonitoreUITests;
			productName = MonitoreUITests;
			productReference = 84F9277E1F25D37400B76D79 /* MonitoreUITests.xctest */;
			productType = "com.apple.product-type.bundle.ui-testing";
		};
/* End PBXNativeTarget section */

/* Begin PBXProject section */
		84F927521F25D37400B76D79 /* Project object */ = {
			isa = PBXProject;
			attributes = {
				LastUpgradeCheck = 0830;
				ORGANIZATIONNAME = kede;
				TargetAttributes = {
					84F927591F25D37400B76D79 = {
						CreatedOnToolsVersion = 8.3.3;
						DevelopmentTeam = 68A4VY9K26;
						ProvisioningStyle = Automatic;
					};
					84F927721F25D37400B76D79 = {
						CreatedOnToolsVersion = 8.3.3;
						ProvisioningStyle = Automatic;
						TestTargetID = 84F927591F25D37400B76D79;
					};
					84F9277D1F25D37400B76D79 = {
						CreatedOnToolsVersion = 8.3.3;
						ProvisioningStyle = Automatic;
						TestTargetID = 84F927591F25D37400B76D79;
					};
				};
			};
			buildConfigurationList = 84F927551F25D37400B76D79 /* Build configuration list for PBXProject "Monitore" */;
			compatibilityVersion = "Xcode 3.2";
			developmentRegion = English;
			hasScannedForEncodings = 0;
			knownRegions = (
				en,
				Base,
			);
			mainGroup = 84F927511F25D37400B76D79;
			productRefGroup = 84F9275B1F25D37400B76D79 /* Products */;
			projectDirPath = "";
			projectRoot = "";
			targets = (
				84F927591F25D37400B76D79 /* Monitore */,
				84F927721F25D37400B76D79 /* MonitoreTests */,
				84F9277D1F25D37400B76D79 /* MonitoreUITests */,
			);
		};
/* End PBXProject section */

/* Begin PBXResourcesBuildPhase section */
		84F927581F25D37400B76D79 /* Resources */ = {
			isa = PBXResourcesBuildPhase;
			buildActionMask = 2147483647;
			files = (
				84F929231F29652B00B76D79 /* PersonalDataTableViewCell.xib in Resources */,
				84F9296E1F2B159100B76D79 /* GoToReportTableViewCell.xib in Resources */,
				84F929161F29652B00B76D79 /* PatrolTableHeaderView.xib in Resources */,
				84F9290E1F29652B00B76D79 /* HomeCollectionViewCell.xib in Resources */,
				84F929321F2968AE00B76D79 /* LaunchScreen.storyboard in Resources */,
				84F927C51F25DA6000B76D79 /* MNavigationItem.xib in Resources */,
				78E26AB61F2A2540007A96F6 /* Announcement.storyboard in Resources */,
				78E26AB11F29FEC2007A96F6 /* Main.storyboard in Resources */,
				84F9294C1F29918400B76D79 /* Report.storyboard in Resources */,
				84F929131F29652B00B76D79 /* InfoTableViewCell.xib in Resources */,
				84F9291D1F29652B00B76D79 /* PersonalCenterTableViewCell.xib in Resources */,
				84F929311F2968AE00B76D79 /* Info.plist in Resources */,
				84F929301F2968AE00B76D79 /* Assets.xcassets in Resources */,
				84F9295C1F29E24900B76D79 /* AnnouncementTableViewCell.xib in Resources */,
				84F9293A1F2979AD00B76D79 /* Patrol.storyboard in Resources */,
				84F929211F29652B00B76D79 /* PersonalDataHeaderView.xib in Resources */,
				84F9291F1F29652B00B76D79 /* PersonalDataFooterView.xib in Resources */,
				84F929731F2B1A4000B76D79 /* TextViewTableViewCell.xib in Resources */,
				84F9293C1F297C8E00B76D79 /* PersonalCenter.storyboard in Resources */,
				84F929611F29E41100B76D79 /* PullTableViewCell.xib in Resources */,
				84F929441F297DFD00B76D79 /* SettingTableViewCell.xib in Resources */,
				84F929101F29652B00B76D79 /* HomeHeaderView.xib in Resources */,
				84F929571F29E10800B76D79 /* AnnouncementVcHeaderView.xib in Resources */,
				84F929181F29652B00B76D79 /* PatrolTableViewCell.xib in Resources */,
				84F929691F2AFDC100B76D79 /* PatrolHistoryTableViewCell.xib in Resources */,
				84F929251F29652B00B76D79 /* PersonalPhotoTableViewCell.xib in Resources */,
			);
			runOnlyForDeploymentPostprocessing = 0;
		};
		84F927711F25D37400B76D79 /* Resources */ = {
			isa = PBXResourcesBuildPhase;
			buildActionMask = 2147483647;
			files = (
			);
			runOnlyForDeploymentPostprocessing = 0;
		};
		84F9277C1F25D37400B76D79 /* Resources */ = {
			isa = PBXResourcesBuildPhase;
			buildActionMask = 2147483647;
			files = (
			);
			runOnlyForDeploymentPostprocessing = 0;
		};
/* End PBXResourcesBuildPhase section */

/* Begin PBXSourcesBuildPhase section */
		84F927561F25D37400B76D79 /* Sources */ = {
			isa = PBXSourcesBuildPhase;
			buildActionMask = 2147483647;
			files = (
				84F929241F29652B00B76D79 /* PersonalPhotoTableViewCell.m in Sources */,
				84F928481F2898FF00B76D79 /* CustomeLabel.m in Sources */,
				84F929121F29652B00B76D79 /* InfoTableViewCell.m in Sources */,
				84F927C31F25DA3F00B76D79 /* MNavigationItem.m in Sources */,
				84F929111F29652B00B76D79 /* InfoViewController.m in Sources */,
				84F9293F1F297D0E00B76D79 /* SettingViewController.m in Sources */,
				84F929761F2B1FD700B76D79 /* Tools.m in Sources */,
				84F929431F297DFD00B76D79 /* SettingTableViewCell.m in Sources */,
				84F927CE1F25E8D400B76D79 /* MNavigationController.m in Sources */,
				84F9291E1F29652B00B76D79 /* PersonalDataFooterView.m in Sources */,
				84F9291A1F29652B00B76D79 /* PersonalCenterVc.m in Sources */,
				84F929171F29652B00B76D79 /* PatrolTableViewCell.m in Sources */,
				84F929521F29DF0B00B76D79 /* AnnouncementViewController.m in Sources */,
				84F927B51F25D61100B76D79 /* AppDelegate.m in Sources */,
				84F929641F29E72500B76D79 /* UILabel+VerticalAlign.m in Sources */,
				84F929141F29652B00B76D79 /* PatrolViewController.m in Sources */,
				84F927BD1F25D72200B76D79 /* BaseViewController.m in Sources */,
				84F929201F29652B00B76D79 /* PersonalDataHeaderView.m in Sources */,
				84F9291B1F29652B00B76D79 /* PersonalDataViewController.m in Sources */,
				84F929351F2971F500B76D79 /* GoToPatrolViewController.m in Sources */,
				84F9290C1F29652B00B76D79 /* HomeViewController.m in Sources */,
				84F929191F29652B00B76D79 /* PatrolHistoryViewController.m in Sources */,
				84F929601F29E41100B76D79 /* PullTableViewCell.m in Sources */,
				84F929221F29652B00B76D79 /* PersonalDataTableViewCell.m in Sources */,
				84F9275F1F25D37400B76D79 /* main.m in Sources */,
				84F929151F29652B00B76D79 /* PatrolTableHeaderView.m in Sources */,
				84F9295B1F29E24900B76D79 /* AnnouncementTableViewCell.m in Sources */,
				84F929471F298F1100B76D79 /* ReportViewController.m in Sources */,
				84F927C81F25DD8100B76D79 /* UIView+LjAdd.m in Sources */,
				84F9291C1F29652B00B76D79 /* PersonalCenterTableViewCell.m in Sources */,
				84F9296D1F2B159100B76D79 /* GoToReportTableViewCell.m in Sources */,
				84F9294A1F29914300B76D79 /* GoToReprotViewController.m in Sources */,
				84F929681F2AFDC100B76D79 /* PatrolHistoryTableViewCell.m in Sources */,
				84F927DD1F27478800B76D79 /* NSArray+LjAdd.m in Sources */,
				84F9290F1F29652B00B76D79 /* HomeHeaderView.m in Sources */,
				84F929551F29E0FC00B76D79 /* AnnouncementVcHeaderView.m in Sources */,
				84F929721F2B1A4000B76D79 /* TextViewTableViewCell.m in Sources */,
				84F929381F2975AD00B76D79 /* PatrolTrajectoryViewController.m in Sources */,
				84F9290D1F29652B00B76D79 /* HomeCollectionViewCell.m in Sources */,
			);
			runOnlyForDeploymentPostprocessing = 0;
		};
		84F9276F1F25D37400B76D79 /* Sources */ = {
			isa = PBXSourcesBuildPhase;
			buildActionMask = 2147483647;
			files = (
				84F927781F25D37400B76D79 /* MonitoreTests.m in Sources */,
			);
			runOnlyForDeploymentPostprocessing = 0;
		};
		84F9277A1F25D37400B76D79 /* Sources */ = {
			isa = PBXSourcesBuildPhase;
			buildActionMask = 2147483647;
			files = (
				84F927831F25D37400B76D79 /* MonitoreUITests.m in Sources */,
			);
			runOnlyForDeploymentPostprocessing = 0;
		};
/* End PBXSourcesBuildPhase section */

/* Begin PBXTargetDependency section */
		84F927751F25D37400B76D79 /* PBXTargetDependency */ = {
			isa = PBXTargetDependency;
			target = 84F927591F25D37400B76D79 /* Monitore */;
			targetProxy = 84F927741F25D37400B76D79 /* PBXContainerItemProxy */;
		};
		84F927801F25D37400B76D79 /* PBXTargetDependency */ = {
			isa = PBXTargetDependency;
			target = 84F927591F25D37400B76D79 /* Monitore */;
			targetProxy = 84F9277F1F25D37400B76D79 /* PBXContainerItemProxy */;
		};
/* End PBXTargetDependency section */

/* Begin XCBuildConfiguration section */
		84F927851F25D37500B76D79 /* Debug */ = {
			isa = XCBuildConfiguration;
			buildSettings = {
				ALWAYS_SEARCH_USER_PATHS = NO;
				CLANG_ANALYZER_NONNULL = YES;
				CLANG_ANALYZER_NUMBER_OBJECT_CONVERSION = YES_AGGRESSIVE;
				CLANG_CXX_LANGUAGE_STANDARD = "gnu++0x";
				CLANG_CXX_LIBRARY = "libc++";
				CLANG_ENABLE_MODULES = YES;
				CLANG_ENABLE_OBJC_ARC = YES;
				CLANG_WARN_BOOL_CONVERSION = YES;
				CLANG_WARN_CONSTANT_CONVERSION = YES;
				CLANG_WARN_DIRECT_OBJC_ISA_USAGE = YES_ERROR;
				CLANG_WARN_DOCUMENTATION_COMMENTS = YES;
				CLANG_WARN_EMPTY_BODY = YES;
				CLANG_WARN_ENUM_CONVERSION = YES;
				CLANG_WARN_INFINITE_RECURSION = YES;
				CLANG_WARN_INT_CONVERSION = YES;
				CLANG_WARN_OBJC_ROOT_CLASS = YES_ERROR;
				CLANG_WARN_SUSPICIOUS_MOVE = YES;
				CLANG_WARN_UNREACHABLE_CODE = YES;
				CLANG_WARN__DUPLICATE_METHOD_MATCH = YES;
				"CODE_SIGN_IDENTITY[sdk=iphoneos*]" = "iPhone Developer";
				COPY_PHASE_STRIP = NO;
				DEBUG_INFORMATION_FORMAT = dwarf;
				ENABLE_STRICT_OBJC_MSGSEND = YES;
				ENABLE_TESTABILITY = YES;
				GCC_C_LANGUAGE_STANDARD = gnu99;
				GCC_DYNAMIC_NO_PIC = NO;
				GCC_NO_COMMON_BLOCKS = YES;
				GCC_OPTIMIZATION_LEVEL = 0;
				GCC_PREPROCESSOR_DEFINITIONS = (
					"DEBUG=1",
					"$(inherited)",
				);
				GCC_WARN_64_TO_32_BIT_CONVERSION = YES;
				GCC_WARN_ABOUT_RETURN_TYPE = YES_ERROR;
				GCC_WARN_UNDECLARED_SELECTOR = YES;
				GCC_WARN_UNINITIALIZED_AUTOS = YES_AGGRESSIVE;
				GCC_WARN_UNUSED_FUNCTION = YES;
				GCC_WARN_UNUSED_VARIABLE = YES;
				IPHONEOS_DEPLOYMENT_TARGET = 10.3;
				MTL_ENABLE_DEBUG_INFO = YES;
				ONLY_ACTIVE_ARCH = YES;
				SDKROOT = iphoneos;
				TARGETED_DEVICE_FAMILY = "1,2";
			};
			name = Debug;
		};
		84F927861F25D37500B76D79 /* Release */ = {
			isa = XCBuildConfiguration;
			buildSettings = {
				ALWAYS_SEARCH_USER_PATHS = NO;
				CLANG_ANALYZER_NONNULL = YES;
				CLANG_ANALYZER_NUMBER_OBJECT_CONVERSION = YES_AGGRESSIVE;
				CLANG_CXX_LANGUAGE_STANDARD = "gnu++0x";
				CLANG_CXX_LIBRARY = "libc++";
				CLANG_ENABLE_MODULES = YES;
				CLANG_ENABLE_OBJC_ARC = YES;
				CLANG_WARN_BOOL_CONVERSION = YES;
				CLANG_WARN_CONSTANT_CONVERSION = YES;
				CLANG_WARN_DIRECT_OBJC_ISA_USAGE = YES_ERROR;
				CLANG_WARN_DOCUMENTATION_COMMENTS = YES;
				CLANG_WARN_EMPTY_BODY = YES;
				CLANG_WARN_ENUM_CONVERSION = YES;
				CLANG_WARN_INFINITE_RECURSION = YES;
				CLANG_WARN_INT_CONVERSION = YES;
				CLANG_WARN_OBJC_ROOT_CLASS = YES_ERROR;
				CLANG_WARN_SUSPICIOUS_MOVE = YES;
				CLANG_WARN_UNREACHABLE_CODE = YES;
				CLANG_WARN__DUPLICATE_METHOD_MATCH = YES;
				"CODE_SIGN_IDENTITY[sdk=iphoneos*]" = "iPhone Developer";
				COPY_PHASE_STRIP = NO;
				DEBUG_INFORMATION_FORMAT = "dwarf-with-dsym";
				ENABLE_NS_ASSERTIONS = NO;
				ENABLE_STRICT_OBJC_MSGSEND = YES;
				GCC_C_LANGUAGE_STANDARD = gnu99;
				GCC_NO_COMMON_BLOCKS = YES;
				GCC_WARN_64_TO_32_BIT_CONVERSION = YES;
				GCC_WARN_ABOUT_RETURN_TYPE = YES_ERROR;
				GCC_WARN_UNDECLARED_SELECTOR = YES;
				GCC_WARN_UNINITIALIZED_AUTOS = YES_AGGRESSIVE;
				GCC_WARN_UNUSED_FUNCTION = YES;
				GCC_WARN_UNUSED_VARIABLE = YES;
				IPHONEOS_DEPLOYMENT_TARGET = 10.3;
				MTL_ENABLE_DEBUG_INFO = NO;
				SDKROOT = iphoneos;
				TARGETED_DEVICE_FAMILY = "1,2";
				VALIDATE_PRODUCT = YES;
			};
			name = Release;
		};
		84F927881F25D37500B76D79 /* Debug */ = {
			isa = XCBuildConfiguration;
			buildSettings = {
				ASSETCATALOG_COMPILER_APPICON_NAME = AppIcon;
				"CODE_SIGN_IDENTITY[sdk=iphoneos*]" = "iPhone Developer";
				DEVELOPMENT_TEAM = 68A4VY9K26;
				GCC_PRECOMPILE_PREFIX_HEADER = YES;
				GCC_PREFIX_HEADER = "$(SRCROOT)/Monitore/Config/PrefixHeader.pch";
				INFOPLIST_FILE = Monitore/Resources/Info.plist;
				LD_RUNPATH_SEARCH_PATHS = "$(inherited) @executable_path/Frameworks";
				PRODUCT_BUNDLE_IDENTIFIER = com.dualens.optical;
				PRODUCT_NAME = "$(TARGET_NAME)";
				PROVISIONING_PROFILE_SPECIFIER = "";
			};
			name = Debug;
		};
		84F927891F25D37500B76D79 /* Release */ = {
			isa = XCBuildConfiguration;
			buildSettings = {
				ASSETCATALOG_COMPILER_APPICON_NAME = AppIcon;
				"CODE_SIGN_IDENTITY[sdk=iphoneos*]" = "iPhone Developer";
				DEVELOPMENT_TEAM = 68A4VY9K26;
				GCC_PRECOMPILE_PREFIX_HEADER = YES;
				GCC_PREFIX_HEADER = "$(SRCROOT)/Monitore/Config/PrefixHeader.pch";
				INFOPLIST_FILE = Monitore/Resources/Info.plist;
				LD_RUNPATH_SEARCH_PATHS = "$(inherited) @executable_path/Frameworks";
				PRODUCT_BUNDLE_IDENTIFIER = com.dualens.optical;
				PRODUCT_NAME = "$(TARGET_NAME)";
				PROVISIONING_PROFILE_SPECIFIER = "";
			};
			name = Release;
		};
		84F9278B1F25D37500B76D79 /* Debug */ = {
			isa = XCBuildConfiguration;
			buildSettings = {
				BUNDLE_LOADER = "$(TEST_HOST)";
				INFOPLIST_FILE = MonitoreTests/Info.plist;
				LD_RUNPATH_SEARCH_PATHS = "$(inherited) @executable_path/Frameworks @loader_path/Frameworks";
				PRODUCT_BUNDLE_IDENTIFIER = com.kede.MonitoreTests;
				PRODUCT_NAME = "$(TARGET_NAME)";
				TEST_HOST = "$(BUILT_PRODUCTS_DIR)/Monitore.app/Monitore";
			};
			name = Debug;
		};
		84F9278C1F25D37500B76D79 /* Release */ = {
			isa = XCBuildConfiguration;
			buildSettings = {
				BUNDLE_LOADER = "$(TEST_HOST)";
				INFOPLIST_FILE = MonitoreTests/Info.plist;
				LD_RUNPATH_SEARCH_PATHS = "$(inherited) @executable_path/Frameworks @loader_path/Frameworks";
				PRODUCT_BUNDLE_IDENTIFIER = com.kede.MonitoreTests;
				PRODUCT_NAME = "$(TARGET_NAME)";
				TEST_HOST = "$(BUILT_PRODUCTS_DIR)/Monitore.app/Monitore";
			};
			name = Release;
		};
		84F9278E1F25D37500B76D79 /* Debug */ = {
			isa = XCBuildConfiguration;
			buildSettings = {
				INFOPLIST_FILE = MonitoreUITests/Info.plist;
				LD_RUNPATH_SEARCH_PATHS = "$(inherited) @executable_path/Frameworks @loader_path/Frameworks";
				PRODUCT_BUNDLE_IDENTIFIER = com.kede.MonitoreUITests;
				PRODUCT_NAME = "$(TARGET_NAME)";
				TEST_TARGET_NAME = Monitore;
			};
			name = Debug;
		};
		84F9278F1F25D37500B76D79 /* Release */ = {
			isa = XCBuildConfiguration;
			buildSettings = {
				INFOPLIST_FILE = MonitoreUITests/Info.plist;
				LD_RUNPATH_SEARCH_PATHS = "$(inherited) @executable_path/Frameworks @loader_path/Frameworks";
				PRODUCT_BUNDLE_IDENTIFIER = com.kede.MonitoreUITests;
				PRODUCT_NAME = "$(TARGET_NAME)";
				TEST_TARGET_NAME = Monitore;
			};
			name = Release;
		};
/* End XCBuildConfiguration section */

/* Begin XCConfigurationList section */
		84F927551F25D37400B76D79 /* Build configuration list for PBXProject "Monitore" */ = {
			isa = XCConfigurationList;
			buildConfigurations = (
				84F927851F25D37500B76D79 /* Debug */,
				84F927861F25D37500B76D79 /* Release */,
			);
			defaultConfigurationIsVisible = 0;
			defaultConfigurationName = Release;
		};
		84F927871F25D37500B76D79 /* Build configuration list for PBXNativeTarget "Monitore" */ = {
			isa = XCConfigurationList;
			buildConfigurations = (
				84F927881F25D37500B76D79 /* Debug */,
				84F927891F25D37500B76D79 /* Release */,
			);
			defaultConfigurationIsVisible = 0;
			defaultConfigurationName = Release;
		};
		84F9278A1F25D37500B76D79 /* Build configuration list for PBXNativeTarget "MonitoreTests" */ = {
			isa = XCConfigurationList;
			buildConfigurations = (
				84F9278B1F25D37500B76D79 /* Debug */,
				84F9278C1F25D37500B76D79 /* Release */,
			);
			defaultConfigurationIsVisible = 0;
			defaultConfigurationName = Release;
		};
		84F9278D1F25D37500B76D79 /* Build configuration list for PBXNativeTarget "MonitoreUITests" */ = {
			isa = XCConfigurationList;
			buildConfigurations = (
				84F9278E1F25D37500B76D79 /* Debug */,
				84F9278F1F25D37500B76D79 /* Release */,
			);
			defaultConfigurationIsVisible = 0;
			defaultConfigurationName = Release;
		};
/* End XCConfigurationList section */
	};
	rootObject = 84F927521F25D37400B76D79 /* Project object */;
}
